// !$*UTF8*$!
{
	archiveVersion = 1;
	classes = {
	};
	objectVersion = 46;
	objects = {

/* Begin PBXBuildFile section */
		2611053116C1D1E0007E4CBF /* QuestionCreationTests.m in Sources */ = {isa = PBXBuildFile; fileRef = 2611053016C1D1E0007E4CBF /* QuestionCreationTests.m */; };
		262D54FB16BE1E9000468B2A /* UIKit.framework in Frameworks */ = {isa = PBXBuildFile; fileRef = 262D54FA16BE1E9000468B2A /* UIKit.framework */; };
		262D54FD16BE1E9000468B2A /* Foundation.framework in Frameworks */ = {isa = PBXBuildFile; fileRef = 262D54FC16BE1E9000468B2A /* Foundation.framework */; };
		262D54FF16BE1E9000468B2A /* CoreGraphics.framework in Frameworks */ = {isa = PBXBuildFile; fileRef = 262D54FE16BE1E9000468B2A /* CoreGraphics.framework */; };
		262D550516BE1E9000468B2A /* InfoPlist.strings in Resources */ = {isa = PBXBuildFile; fileRef = 262D550316BE1E9000468B2A /* InfoPlist.strings */; };
		262D550716BE1E9000468B2A /* main.m in Sources */ = {isa = PBXBuildFile; fileRef = 262D550616BE1E9000468B2A /* main.m */; };
		262D550B16BE1E9000468B2A /* TAPAppDelegate.m in Sources */ = {isa = PBXBuildFile; fileRef = 262D550A16BE1E9000468B2A /* TAPAppDelegate.m */; };
		262D550D16BE1E9000468B2A /* Default.png in Resources */ = {isa = PBXBuildFile; fileRef = 262D550C16BE1E9000468B2A /* Default.png */; };
		262D550F16BE1E9000468B2A /* Default@2x.png in Resources */ = {isa = PBXBuildFile; fileRef = 262D550E16BE1E9000468B2A /* Default@2x.png */; };
		262D551116BE1E9000468B2A /* Default-568h@2x.png in Resources */ = {isa = PBXBuildFile; fileRef = 262D551016BE1E9000468B2A /* Default-568h@2x.png */; };
		262D551416BE1E9000468B2A /* MainStoryboard.storyboard in Resources */ = {isa = PBXBuildFile; fileRef = 262D551216BE1E9000468B2A /* MainStoryboard.storyboard */; };
		262D551716BE1E9000468B2A /* TAPMasterViewController.m in Sources */ = {isa = PBXBuildFile; fileRef = 262D551616BE1E9000468B2A /* TAPMasterViewController.m */; };
		262D551A16BE1E9000468B2A /* TAPDetailViewController.m in Sources */ = {isa = PBXBuildFile; fileRef = 262D551916BE1E9000468B2A /* TAPDetailViewController.m */; };
		262D552216BE1E9100468B2A /* SenTestingKit.framework in Frameworks */ = {isa = PBXBuildFile; fileRef = 262D552116BE1E9100468B2A /* SenTestingKit.framework */; };
		262D552316BE1E9100468B2A /* UIKit.framework in Frameworks */ = {isa = PBXBuildFile; fileRef = 262D54FA16BE1E9000468B2A /* UIKit.framework */; };
		262D552416BE1E9100468B2A /* Foundation.framework in Frameworks */ = {isa = PBXBuildFile; fileRef = 262D54FC16BE1E9000468B2A /* Foundation.framework */; };
		262D552C16BE1E9100468B2A /* InfoPlist.strings in Resources */ = {isa = PBXBuildFile; fileRef = 262D552A16BE1E9100468B2A /* InfoPlist.strings */; };
		262D552F16BE1E9100468B2A /* browseOverflowTests.m in Sources */ = {isa = PBXBuildFile; fileRef = 262D552E16BE1E9100468B2A /* browseOverflowTests.m */; };
		262D553A16BE217700468B2A /* topicTests.m in Sources */ = {isa = PBXBuildFile; fileRef = 262D553916BE217700468B2A /* topicTests.m */; };
		262D553D16BE222E00468B2A /* Topic.m in Sources */ = {isa = PBXBuildFile; fileRef = 262D553C16BE222E00468B2A /* Topic.m */; };
		262D554016BE4F1B00468B2A /* questionTests.m in Sources */ = {isa = PBXBuildFile; fileRef = 262D553F16BE4F1B00468B2A /* questionTests.m */; };
		262D554316BE500F00468B2A /* Question.m in Sources */ = {isa = PBXBuildFile; fileRef = 262D554216BE500F00468B2A /* Question.m */; };
		262D554616BF5A2E00468B2A /* personTests.m in Sources */ = {isa = PBXBuildFile; fileRef = 262D554516BF5A2E00468B2A /* personTests.m */; };
		262D554916BF5BD800468B2A /* Person.m in Sources */ = {isa = PBXBuildFile; fileRef = 262D554816BF5BD700468B2A /* Person.m */; };
		26EC50FA16C0BAA300AA9A0E /* answerTests.m in Sources */ = {isa = PBXBuildFile; fileRef = 26EC50F916C0BAA300AA9A0E /* answerTests.m */; };
		26EC50FE16C0BD3A00AA9A0E /* Answer.m in Sources */ = {isa = PBXBuildFile; fileRef = 26EC50FD16C0BD3A00AA9A0E /* Answer.m */; };
/* End PBXBuildFile section */

/* Begin PBXContainerItemProxy section */
		262D552516BE1E9100468B2A /* PBXContainerItemProxy */ = {
			isa = PBXContainerItemProxy;
			containerPortal = 262D54ED16BE1E9000468B2A /* Project object */;
			proxyType = 1;
			remoteGlobalIDString = 262D54F516BE1E9000468B2A;
			remoteInfo = browseOverflow;
		};
/* End PBXContainerItemProxy section */

/* Begin PBXFileReference section */
		2611052F16C1D1E0007E4CBF /* QuestionCreationTests.h */ = {isa = PBXFileReference; fileEncoding = 4; lastKnownFileType = sourcecode.c.h; name = QuestionCreationTests.h; path = ../QuestionCreationTests.h; sourceTree = "<group>"; };
		2611053016C1D1E0007E4CBF /* QuestionCreationTests.m */ = {isa = PBXFileReference; fileEncoding = 4; lastKnownFileType = sourcecode.c.objc; name = QuestionCreationTests.m; path = ../QuestionCreationTests.m; sourceTree = "<group>"; };
		262D54F616BE1E9000468B2A /* browseOverflow.app */ = {isa = PBXFileReference; explicitFileType = wrapper.application; includeInIndex = 0; path = browseOverflow.app; sourceTree = BUILT_PRODUCTS_DIR; };
		262D54FA16BE1E9000468B2A /* UIKit.framework */ = {isa = PBXFileReference; lastKnownFileType = wrapper.framework; name = UIKit.framework; path = System/Library/Frameworks/UIKit.framework; sourceTree = SDKROOT; };
		262D54FC16BE1E9000468B2A /* Foundation.framework */ = {isa = PBXFileReference; lastKnownFileType = wrapper.framework; name = Foundation.framework; path = System/Library/Frameworks/Foundation.framework; sourceTree = SDKROOT; };
		262D54FE16BE1E9000468B2A /* CoreGraphics.framework */ = {isa = PBXFileReference; lastKnownFileType = wrapper.framework; name = CoreGraphics.framework; path = System/Library/Frameworks/CoreGraphics.framework; sourceTree = SDKROOT; };
		262D550216BE1E9000468B2A /* browseOverflow-Info.plist */ = {isa = PBXFileReference; lastKnownFileType = text.plist.xml; path = "browseOverflow-Info.plist"; sourceTree = "<group>"; };
		262D550416BE1E9000468B2A /* en */ = {isa = PBXFileReference; lastKnownFileType = text.plist.strings; name = en; path = en.lproj/InfoPlist.strings; sourceTree = "<group>"; };
		262D550616BE1E9000468B2A /* main.m */ = {isa = PBXFileReference; lastKnownFileType = sourcecode.c.objc; path = main.m; sourceTree = "<group>"; };
		262D550816BE1E9000468B2A /* browseOverflow-Prefix.pch */ = {isa = PBXFileReference; lastKnownFileType = sourcecode.c.h; path = "browseOverflow-Prefix.pch"; sourceTree = "<group>"; };
		262D550916BE1E9000468B2A /* TAPAppDelegate.h */ = {isa = PBXFileReference; lastKnownFileType = sourcecode.c.h; path = TAPAppDelegate.h; sourceTree = "<group>"; };
		262D550A16BE1E9000468B2A /* TAPAppDelegate.m */ = {isa = PBXFileReference; lastKnownFileType = sourcecode.c.objc; path = TAPAppDelegate.m; sourceTree = "<group>"; };
		262D550C16BE1E9000468B2A /* Default.png */ = {isa = PBXFileReference; lastKnownFileType = image.png; path = Default.png; sourceTree = "<group>"; };
		262D550E16BE1E9000468B2A /* Default@2x.png */ = {isa = PBXFileReference; lastKnownFileType = image.png; path = "Default@2x.png"; sourceTree = "<group>"; };
		262D551016BE1E9000468B2A /* Default-568h@2x.png */ = {isa = PBXFileReference; lastKnownFileType = image.png; path = "Default-568h@2x.png"; sourceTree = "<group>"; };
		262D551316BE1E9000468B2A /* en */ = {isa = PBXFileReference; lastKnownFileType = file.storyboard; name = en; path = en.lproj/MainStoryboard.storyboard; sourceTree = "<group>"; };
		262D551516BE1E9000468B2A /* TAPMasterViewController.h */ = {isa = PBXFileReference; lastKnownFileType = sourcecode.c.h; path = TAPMasterViewController.h; sourceTree = "<group>"; };
		262D551616BE1E9000468B2A /* TAPMasterViewController.m */ = {isa = PBXFileReference; lastKnownFileType = sourcecode.c.objc; path = TAPMasterViewController.m; sourceTree = "<group>"; };
		262D551816BE1E9000468B2A /* TAPDetailViewController.h */ = {isa = PBXFileReference; lastKnownFileType = sourcecode.c.h; path = TAPDetailViewController.h; sourceTree = "<group>"; };
		262D551916BE1E9000468B2A /* TAPDetailViewController.m */ = {isa = PBXFileReference; lastKnownFileType = sourcecode.c.objc; path = TAPDetailViewController.m; sourceTree = "<group>"; };
		262D552016BE1E9100468B2A /* browseOverflowTests.octest */ = {isa = PBXFileReference; explicitFileType = wrapper.cfbundle; includeInIndex = 0; path = browseOverflowTests.octest; sourceTree = BUILT_PRODUCTS_DIR; };
		262D552116BE1E9100468B2A /* SenTestingKit.framework */ = {isa = PBXFileReference; lastKnownFileType = wrapper.framework; name = SenTestingKit.framework; path = Library/Frameworks/SenTestingKit.framework; sourceTree = DEVELOPER_DIR; };
		262D552916BE1E9100468B2A /* browseOverflowTests-Info.plist */ = {isa = PBXFileReference; lastKnownFileType = text.plist.xml; path = "browseOverflowTests-Info.plist"; sourceTree = "<group>"; };
		262D552B16BE1E9100468B2A /* en */ = {isa = PBXFileReference; lastKnownFileType = text.plist.strings; name = en; path = en.lproj/InfoPlist.strings; sourceTree = "<group>"; };
		262D552D16BE1E9100468B2A /* browseOverflowTests.h */ = {isa = PBXFileReference; lastKnownFileType = sourcecode.c.h; path = browseOverflowTests.h; sourceTree = "<group>"; };
		262D552E16BE1E9100468B2A /* browseOverflowTests.m */ = {isa = PBXFileReference; lastKnownFileType = sourcecode.c.objc; path = browseOverflowTests.m; sourceTree = "<group>"; };
		262D553816BE217700468B2A /* topicTests.h */ = {isa = PBXFileReference; fileEncoding = 4; lastKnownFileType = sourcecode.c.h; path = topicTests.h; sourceTree = "<group>"; };
		262D553916BE217700468B2A /* topicTests.m */ = {isa = PBXFileReference; fileEncoding = 4; lastKnownFileType = sourcecode.c.objc; path = topicTests.m; sourceTree = "<group>"; };
		262D553B16BE222E00468B2A /* Topic.h */ = {isa = PBXFileReference; fileEncoding = 4; lastKnownFileType = sourcecode.c.h; path = Topic.h; sourceTree = "<group>"; };
		262D553C16BE222E00468B2A /* Topic.m */ = {isa = PBXFileReference; fileEncoding = 4; lastKnownFileType = sourcecode.c.objc; path = Topic.m; sourceTree = "<group>"; };
		262D553E16BE4F1B00468B2A /* questionTests.h */ = {isa = PBXFileReference; fileEncoding = 4; lastKnownFileType = sourcecode.c.h; path = questionTests.h; sourceTree = "<group>"; };
		262D553F16BE4F1B00468B2A /* questionTests.m */ = {isa = PBXFileReference; fileEncoding = 4; lastKnownFileType = sourcecode.c.objc; path = questionTests.m; sourceTree = "<group>"; };
		262D554116BE500F00468B2A /* Question.h */ = {isa = PBXFileReference; fileEncoding = 4; lastKnownFileType = sourcecode.c.h; path = Question.h; sourceTree = "<group>"; };
		262D554216BE500F00468B2A /* Question.m */ = {isa = PBXFileReference; fileEncoding = 4; lastKnownFileType = sourcecode.c.objc; path = Question.m; sourceTree = "<group>"; };
		262D554416BF5A2E00468B2A /* personTests.h */ = {isa = PBXFileReference; fileEncoding = 4; lastKnownFileType = sourcecode.c.h; path = personTests.h; sourceTree = "<group>"; };
		262D554516BF5A2E00468B2A /* personTests.m */ = {isa = PBXFileReference; fileEncoding = 4; lastKnownFileType = sourcecode.c.objc; path = personTests.m; sourceTree = "<group>"; };
		262D554716BF5BD700468B2A /* Person.h */ = {isa = PBXFileReference; fileEncoding = 4; lastKnownFileType = sourcecode.c.h; path = Person.h; sourceTree = "<group>"; };
		262D554816BF5BD700468B2A /* Person.m */ = {isa = PBXFileReference; fileEncoding = 4; lastKnownFileType = sourcecode.c.objc; path = Person.m; sourceTree = "<group>"; };
		26EC50F816C0BAA300AA9A0E /* answerTests.h */ = {isa = PBXFileReference; fileEncoding = 4; lastKnownFileType = sourcecode.c.h; path = answerTests.h; sourceTree = "<group>"; };
		26EC50F916C0BAA300AA9A0E /* answerTests.m */ = {isa = PBXFileReference; fileEncoding = 4; lastKnownFileType = sourcecode.c.objc; path = answerTests.m; sourceTree = "<group>"; };
		26EC50FC16C0BD3A00AA9A0E /* Answer.h */ = {isa = PBXFileReference; fileEncoding = 4; lastKnownFileType = sourcecode.c.h; name = Answer.h; path = browseOverflow/Answer.h; sourceTree = SOURCE_ROOT; };
		26EC50FD16C0BD3A00AA9A0E /* Answer.m */ = {isa = PBXFileReference; fileEncoding = 4; lastKnownFileType = sourcecode.c.objc; name = Answer.m; path = browseOverflow/Answer.m; sourceTree = SOURCE_ROOT; };
/* End PBXFileReference section */

/* Begin PBXFrameworksBuildPhase section */
		262D54F316BE1E9000468B2A /* Frameworks */ = {
			isa = PBXFrameworksBuildPhase;
			buildActionMask = 2147483647;
			files = (
				262D54FB16BE1E9000468B2A /* UIKit.framework in Frameworks */,
				262D54FD16BE1E9000468B2A /* Foundation.framework in Frameworks */,
				262D54FF16BE1E9000468B2A /* CoreGraphics.framework in Frameworks */,
			);
			runOnlyForDeploymentPostprocessing = 0;
		};
		262D551C16BE1E9100468B2A /* Frameworks */ = {
			isa = PBXFrameworksBuildPhase;
			buildActionMask = 2147483647;
			files = (
				262D552216BE1E9100468B2A /* SenTestingKit.framework in Frameworks */,
				262D552316BE1E9100468B2A /* UIKit.framework in Frameworks */,
				262D552416BE1E9100468B2A /* Foundation.framework in Frameworks */,
			);
			runOnlyForDeploymentPostprocessing = 0;
		};
/* End PBXFrameworksBuildPhase section */

/* Begin PBXGroup section */
		262D54EB16BE1E9000468B2A = {
			isa = PBXGroup;
			children = (
				262D550016BE1E9000468B2A /* browseOverflow */,
				262D552716BE1E9100468B2A /* browseOverflowTests */,
				262D54F916BE1E9000468B2A /* Frameworks */,
				262D54F716BE1E9000468B2A /* Products */,
			);
			sourceTree = "<group>";
		};
		262D54F716BE1E9000468B2A /* Products */ = {
			isa = PBXGroup;
			children = (
				262D54F616BE1E9000468B2A /* browseOverflow.app */,
				262D552016BE1E9100468B2A /* browseOverflowTests.octest */,
			);
			name = Products;
			sourceTree = "<group>";
		};
		262D54F916BE1E9000468B2A /* Frameworks */ = {
			isa = PBXGroup;
			children = (
				262D54FA16BE1E9000468B2A /* UIKit.framework */,
				262D54FC16BE1E9000468B2A /* Foundation.framework */,
				262D54FE16BE1E9000468B2A /* CoreGraphics.framework */,
				262D552116BE1E9100468B2A /* SenTestingKit.framework */,
			);
			name = Frameworks;
			sourceTree = "<group>";
		};
		262D550016BE1E9000468B2A /* browseOverflow */ = {
			isa = PBXGroup;
			children = (
				262D550916BE1E9000468B2A /* TAPAppDelegate.h */,
				262D550A16BE1E9000468B2A /* TAPAppDelegate.m */,
				262D551216BE1E9000468B2A /* MainStoryboard.storyboard */,
				262D551516BE1E9000468B2A /* TAPMasterViewController.h */,
				262D551616BE1E9000468B2A /* TAPMasterViewController.m */,
				262D551816BE1E9000468B2A /* TAPDetailViewController.h */,
				262D551916BE1E9000468B2A /* TAPDetailViewController.m */,
				262D553B16BE222E00468B2A /* Topic.h */,
				262D553C16BE222E00468B2A /* Topic.m */,
				262D554116BE500F00468B2A /* Question.h */,
				262D554216BE500F00468B2A /* Question.m */,
				262D554716BF5BD700468B2A /* Person.h */,
				262D554816BF5BD700468B2A /* Person.m */,
				26EC50FC16C0BD3A00AA9A0E /* Answer.h */,
				26EC50FD16C0BD3A00AA9A0E /* Answer.m */,
				262D550116BE1E9000468B2A /* Supporting Files */,
			);
			path = browseOverflow;
			sourceTree = "<group>";
		};
		262D550116BE1E9000468B2A /* Supporting Files */ = {
			isa = PBXGroup;
			children = (
				262D550216BE1E9000468B2A /* browseOverflow-Info.plist */,
				262D550316BE1E9000468B2A /* InfoPlist.strings */,
				262D550616BE1E9000468B2A /* main.m */,
				262D550816BE1E9000468B2A /* browseOverflow-Prefix.pch */,
				262D550C16BE1E9000468B2A /* Default.png */,
				262D550E16BE1E9000468B2A /* Default@2x.png */,
				262D551016BE1E9000468B2A /* Default-568h@2x.png */,
			);
			name = "Supporting Files";
			sourceTree = "<group>";
		};
		262D552716BE1E9100468B2A /* browseOverflowTests */ = {
			isa = PBXGroup;
			children = (
				2611052F16C1D1E0007E4CBF /* QuestionCreationTests.h */,
				2611053016C1D1E0007E4CBF /* QuestionCreationTests.m */,
				26EC50F816C0BAA300AA9A0E /* answerTests.h */,
				26EC50F916C0BAA300AA9A0E /* answerTests.m */,
				262D552D16BE1E9100468B2A /* browseOverflowTests.h */,
				262D552E16BE1E9100468B2A /* browseOverflowTests.m */,
				262D553816BE217700468B2A /* topicTests.h */,
				262D553916BE217700468B2A /* topicTests.m */,
				262D553E16BE4F1B00468B2A /* questionTests.h */,
				262D553F16BE4F1B00468B2A /* questionTests.m */,
				262D554416BF5A2E00468B2A /* personTests.h */,
				262D554516BF5A2E00468B2A /* personTests.m */,
				262D552816BE1E9100468B2A /* Supporting Files */,
			);
			path = browseOverflowTests;
			sourceTree = "<group>";
		};
		262D552816BE1E9100468B2A /* Supporting Files */ = {
			isa = PBXGroup;
			children = (
				262D552916BE1E9100468B2A /* browseOverflowTests-Info.plist */,
				262D552A16BE1E9100468B2A /* InfoPlist.strings */,
			);
			name = "Supporting Files";
			sourceTree = "<group>";
		};
/* End PBXGroup section */

/* Begin PBXNativeTarget section */
		262D54F516BE1E9000468B2A /* browseOverflow */ = {
			isa = PBXNativeTarget;
			buildConfigurationList = 262D553216BE1E9100468B2A /* Build configuration list for PBXNativeTarget "browseOverflow" */;
			buildPhases = (
				262D54F216BE1E9000468B2A /* Sources */,
				262D54F316BE1E9000468B2A /* Frameworks */,
				262D54F416BE1E9000468B2A /* Resources */,
			);
			buildRules = (
			);
			dependencies = (
			);
			name = browseOverflow;
			productName = browseOverflow;
			productReference = 262D54F616BE1E9000468B2A /* browseOverflow.app */;
			productType = "com.apple.product-type.application";
		};
		262D551F16BE1E9100468B2A /* browseOverflowTests */ = {
			isa = PBXNativeTarget;
			buildConfigurationList = 262D553516BE1E9100468B2A /* Build configuration list for PBXNativeTarget "browseOverflowTests" */;
			buildPhases = (
				262D551B16BE1E9100468B2A /* Sources */,
				262D551C16BE1E9100468B2A /* Frameworks */,
				262D551D16BE1E9100468B2A /* Resources */,
				262D551E16BE1E9100468B2A /* ShellScript */,
			);
			buildRules = (
			);
			dependencies = (
				262D552616BE1E9100468B2A /* PBXTargetDependency */,
			);
			name = browseOverflowTests;
			productName = browseOverflowTests;
			productReference = 262D552016BE1E9100468B2A /* browseOverflowTests.octest */;
			productType = "com.apple.product-type.bundle";
		};
/* End PBXNativeTarget section */

/* Begin PBXProject section */
		262D54ED16BE1E9000468B2A /* Project object */ = {
			isa = PBXProject;
			attributes = {
				CLASSPREFIX = TAP;
				LastUpgradeCheck = 0450;
				ORGANIZATIONNAME = "Todd Pickell";
			};
			buildConfigurationList = 262D54F016BE1E9000468B2A /* Build configuration list for PBXProject "browseOverflow" */;
			compatibilityVersion = "Xcode 3.2";
			developmentRegion = English;
			hasScannedForEncodings = 0;
			knownRegions = (
				en,
			);
			mainGroup = 262D54EB16BE1E9000468B2A;
			productRefGroup = 262D54F716BE1E9000468B2A /* Products */;
			projectDirPath = "";
			projectRoot = "";
			targets = (
				262D54F516BE1E9000468B2A /* browseOverflow */,
				262D551F16BE1E9100468B2A /* browseOverflowTests */,
			);
		};
/* End PBXProject section */

/* Begin PBXResourcesBuildPhase section */
		262D54F416BE1E9000468B2A /* Resources */ = {
			isa = PBXResourcesBuildPhase;
			buildActionMask = 2147483647;
			files = (
				262D550516BE1E9000468B2A /* InfoPlist.strings in Resources */,
				262D550D16BE1E9000468B2A /* Default.png in Resources */,
				262D550F16BE1E9000468B2A /* Default@2x.png in Resources */,
				262D551116BE1E9000468B2A /* Default-568h@2x.png in Resources */,
				262D551416BE1E9000468B2A /* MainStoryboard.storyboard in Resources */,
			);
			runOnlyForDeploymentPostprocessing = 0;
		};
		262D551D16BE1E9100468B2A /* Resources */ = {
			isa = PBXResourcesBuildPhase;
			buildActionMask = 2147483647;
			files = (
				262D552C16BE1E9100468B2A /* InfoPlist.strings in Resources */,
			);
			runOnlyForDeploymentPostprocessing = 0;
		};
/* End PBXResourcesBuildPhase section */

/* Begin PBXShellScriptBuildPhase section */
		262D551E16BE1E9100468B2A /* ShellScript */ = {
			isa = PBXShellScriptBuildPhase;
			buildActionMask = 2147483647;
			files = (
			);
			inputPaths = (
			);
			outputPaths = (
			);
			runOnlyForDeploymentPostprocessing = 0;
			shellPath = /bin/sh;
			shellScript = "# Run the unit tests in this test bundle.\n\"${SYSTEM_DEVELOPER_DIR}/Tools/RunUnitTests\"\n";
		};
/* End PBXShellScriptBuildPhase section */

/* Begin PBXSourcesBuildPhase section */
		262D54F216BE1E9000468B2A /* Sources */ = {
			isa = PBXSourcesBuildPhase;
			buildActionMask = 2147483647;
			files = (
				262D550716BE1E9000468B2A /* main.m in Sources */,
				262D550B16BE1E9000468B2A /* TAPAppDelegate.m in Sources */,
				262D551716BE1E9000468B2A /* TAPMasterViewController.m in Sources */,
				262D551A16BE1E9000468B2A /* TAPDetailViewController.m in Sources */,
				262D553D16BE222E00468B2A /* Topic.m in Sources */,
				262D554316BE500F00468B2A /* Question.m in Sources */,
				262D554916BF5BD800468B2A /* Person.m in Sources */,
			);
			runOnlyForDeploymentPostprocessing = 0;
		};
		262D551B16BE1E9100468B2A /* Sources */ = {
			isa = PBXSourcesBuildPhase;
			buildActionMask = 2147483647;
			files = (
				262D552F16BE1E9100468B2A /* browseOverflowTests.m in Sources */,
				262D553A16BE217700468B2A /* topicTests.m in Sources */,
				262D554016BE4F1B00468B2A /* questionTests.m in Sources */,
				262D554616BF5A2E00468B2A /* personTests.m in Sources */,
				26EC50FA16C0BAA300AA9A0E /* answerTests.m in Sources */,
				26EC50FE16C0BD3A00AA9A0E /* Answer.m in Sources */,
				2611053116C1D1E0007E4CBF /* QuestionCreationTests.m in Sources */,
			);
			runOnlyForDeploymentPostprocessing = 0;
		};
/* End PBXSourcesBuildPhase section */

/* Begin PBXTargetDependency section */
		262D552616BE1E9100468B2A /* PBXTargetDependency */ = {
			isa = PBXTargetDependency;
			target = 262D54F516BE1E9000468B2A /* browseOverflow */;
			targetProxy = 262D552516BE1E9100468B2A /* PBXContainerItemProxy */;
		};
/* End PBXTargetDependency section */

/* Begin PBXVariantGroup section */
		262D550316BE1E9000468B2A /* InfoPlist.strings */ = {
			isa = PBXVariantGroup;
			children = (
				262D550416BE1E9000468B2A /* en */,
			);
			name = InfoPlist.strings;
			sourceTree = "<group>";
		};
		262D551216BE1E9000468B2A /* MainStoryboard.storyboard */ = {
			isa = PBXVariantGroup;
			children = (
				262D551316BE1E9000468B2A /* en */,
			);
			name = MainStoryboard.storyboard;
			sourceTree = "<group>";
		};
		262D552A16BE1E9100468B2A /* InfoPlist.strings */ = {
			isa = PBXVariantGroup;
			children = (
				262D552B16BE1E9100468B2A /* en */,
			);
			name = InfoPlist.strings;
			sourceTree = "<group>";
		};
/* End PBXVariantGroup section */

/* Begin XCBuildConfiguration section */
		262D553016BE1E9100468B2A /* Debug */ = {
			isa = XCBuildConfiguration;
			buildSettings = {
				ALWAYS_SEARCH_USER_PATHS = NO;
				CLANG_CXX_LANGUAGE_STANDARD = "gnu++0x";
				CLANG_CXX_LIBRARY = "libc++";
				CLANG_ENABLE_OBJC_ARC = YES;
				CLANG_WARN_EMPTY_BODY = YES;
				CLANG_WARN__DUPLICATE_METHOD_MATCH = YES;
				"CODE_SIGN_IDENTITY[sdk=iphoneos*]" = "iPhone Developer";
				COPY_PHASE_STRIP = NO;
				GCC_C_LANGUAGE_STANDARD = gnu99;
				GCC_DYNAMIC_NO_PIC = NO;
				GCC_OPTIMIZATION_LEVEL = 0;
				GCC_PREPROCESSOR_DEFINITIONS = (
					"DEBUG=1",
					"$(inherited)",
				);
				GCC_SYMBOLS_PRIVATE_EXTERN = NO;
				GCC_WARN_ABOUT_RETURN_TYPE = YES;
				GCC_WARN_UNINITIALIZED_AUTOS = YES;
				GCC_WARN_UNUSED_VARIABLE = YES;
				IPHONEOS_DEPLOYMENT_TARGET = 6.0;
				ONLY_ACTIVE_ARCH = YES;
				SDKROOT = iphoneos;
			};
			name = Debug;
		};
		262D553116BE1E9100468B2A /* Release */ = {
			isa = XCBuildConfiguration;
			buildSettings = {
				ALWAYS_SEARCH_USER_PATHS = NO;
				CLANG_CXX_LANGUAGE_STANDARD = "gnu++0x";
				CLANG_CXX_LIBRARY = "libc++";
				CLANG_ENABLE_OBJC_ARC = YES;
				CLANG_WARN_EMPTY_BODY = YES;
				CLANG_WARN__DUPLICATE_METHOD_MATCH = YES;
				"CODE_SIGN_IDENTITY[sdk=iphoneos*]" = "iPhone Developer";
				COPY_PHASE_STRIP = YES;
				GCC_C_LANGUAGE_STANDARD = gnu99;
				GCC_WARN_ABOUT_RETURN_TYPE = YES;
				GCC_WARN_UNINITIALIZED_AUTOS = YES;
				GCC_WARN_UNUSED_VARIABLE = YES;
				IPHONEOS_DEPLOYMENT_TARGET = 6.0;
				OTHER_CFLAGS = "-DNS_BLOCK_ASSERTIONS=1";
				SDKROOT = iphoneos;
				VALIDATE_PRODUCT = YES;
			};
			name = Release;
		};
		262D553316BE1E9100468B2A /* Debug */ = {
			isa = XCBuildConfiguration;
			buildSettings = {
				GCC_PRECOMPILE_PREFIX_HEADER = YES;
				GCC_PREFIX_HEADER = "browseOverflow/browseOverflow-Prefix.pch";
				INFOPLIST_FILE = "browseOverflow/browseOverflow-Info.plist";
				PRODUCT_NAME = "$(TARGET_NAME)";
				WRAPPER_EXTENSION = app;
			};
			name = Debug;
		};
		262D553416BE1E9100468B2A /* Release */ = {
			isa = XCBuildConfiguration;
			buildSettings = {
				GCC_PRECOMPILE_PREFIX_HEADER = YES;
				GCC_PREFIX_HEADER = "browseOverflow/browseOverflow-Prefix.pch";
				INFOPLIST_FILE = "browseOverflow/browseOverflow-Info.plist";
				PRODUCT_NAME = "$(TARGET_NAME)";
				WRAPPER_EXTENSION = app;
			};
			name = Release;
		};
		262D553616BE1E9100468B2A /* Debug */ = {
			isa = XCBuildConfiguration;
			buildSettings = {
				BUNDLE_LOADER = "$(BUILT_PRODUCTS_DIR)/browseOverflow.app/browseOverflow";
				FRAMEWORK_SEARCH_PATHS = (
					"\"$(SDKROOT)/Developer/Library/Frameworks\"",
					"\"$(DEVELOPER_LIBRARY_DIR)/Frameworks\"",
				);
				GCC_PRECOMPILE_PREFIX_HEADER = YES;
				GCC_PREFIX_HEADER = "browseOverflow/browseOverflow-Prefix.pch";
				INFOPLIST_FILE = "browseOverflowTests/browseOverflowTests-Info.plist";
				PRODUCT_NAME = "$(TARGET_NAME)";
				TEST_HOST = "$(BUNDLE_LOADER)";
				WRAPPER_EXTENSION = octest;
			};
			name = Debug;
		};
		262D553716BE1E9100468B2A /* Release */ = {
			isa = XCBuildConfiguration;
			buildSettings = {
				BUNDLE_LOADER = "$(BUILT_PRODUCTS_DIR)/browseOverflow.app/browseOverflow";
				FRAMEWORK_SEARCH_PATHS = (
					"\"$(SDKROOT)/Developer/Library/Frameworks\"",
					"\"$(DEVELOPER_LIBRARY_DIR)/Frameworks\"",
				);
				GCC_PRECOMPILE_PREFIX_HEADER = YES;
				GCC_PREFIX_HEADER = "browseOverflow/browseOverflow-Prefix.pch";
				INFOPLIST_FILE = "browseOverflowTests/browseOverflowTests-Info.plist";
				PRODUCT_NAME = "$(TARGET_NAME)";
				TEST_HOST = "$(BUNDLE_LOADER)";
				WRAPPER_EXTENSION = octest;
			};
			name = Release;
		};
/* End XCBuildConfiguration section */

/* Begin XCConfigurationList section */
		262D54F016BE1E9000468B2A /* Build configuration list for PBXProject "browseOverflow" */ = {
			isa = XCConfigurationList;
			buildConfigurations = (
				262D553016BE1E9100468B2A /* Debug */,
				262D553116BE1E9100468B2A /* Release */,
			);
			defaultConfigurationIsVisible = 0;
			defaultConfigurationName = Release;
		};
		262D553216BE1E9100468B2A /* Build configuration list for PBXNativeTarget "browseOverflow" */ = {
			isa = XCConfigurationList;
			buildConfigurations = (
				262D553316BE1E9100468B2A /* Debug */,
				262D553416BE1E9100468B2A /* Release */,
			);
			defaultConfigurationIsVisible = 0;
			defaultConfigurationName = Release;
		};
		262D553516BE1E9100468B2A /* Build configuration list for PBXNativeTarget "browseOverflowTests" */ = {
			isa = XCConfigurationList;
			buildConfigurations = (
				262D553616BE1E9100468B2A /* Debug */,
				262D553716BE1E9100468B2A /* Release */,
			);
			defaultConfigurationIsVisible = 0;
			defaultConfigurationName = Release;
		};
/* End XCConfigurationList section */
	};
	rootObject = 262D54ED16BE1E9000468B2A /* Project object */;
}
